
Microsoft Visual Studio Solution File, Format Version 12.00
# Visual Studio 15
VisualStudioVersion = 15.0.28307.1259
MinimumVisualStudioVersion = 10.0.40219.1
Project("{FAE04EC0-301F-11D3-BF4B-00C04F79EFBC}") = "ServerConfigMtk-P2-006", "ServerConfigMtk-P2-006\ServerConfigMtk-P2-006.csproj", "{543B4ECF-1F10-4F74-90BE-64109221AEFC}"
EndProject
Global
	GlobalSection(SolutionConfigurationPlatforms) = preSolution
		Debug|Any CPU = Debug|Any CPU
		Release|Any CPU = Release|Any CPU
	EndGlobalSection
	GlobalSection(ProjectConfigurationPlatforms) = postSolution
		{543B4ECF-1F10-4F74-90BE-64109221AEFC}.Debug|Any CPU.ActiveCfg = Debug|Any CPU
		{543B4ECF-1F10-4F74-90BE-64109221AEFC}.Debug|Any CPU.Build.0 = Debug|Any CPU
		{543B4ECF-1F10-4F74-90BE-64109221AEFC}.Release|Any CPU.ActiveCfg = Release|Any CPU
		{543B4ECF-1F10-4F74-90BE-64109221AEFC}.Release|Any CPU.Build.0 = Release|Any CPU
	EndGlobalSection
	GlobalSection(SolutionProperties) = preSolution
		HideSolutionNode = FALSE
	EndGlobalSection
	GlobalSection(ExtensibilityGlobals) = postSolution
		SolutionGuid = {3E25EF48-41C5-4782-B61F-21C6553D6798}
	EndGlobalSection
EndGlobal
